
Microsoft Visual Studio Solution File, Format Version 12.00
# Visual Studio Version 17
VisualStudioVersion = 17.9.34728.123
MinimumVisualStudioVersion = 10.0.40219.1
Project("{9A19103F-16F7-4668-BE54-9A1E7A4F7556}") = "APDSys.API", "APDSys.API\APDSys.API.csproj", "{4D778DEE-93E0-423F-8430-92C01C7F0D94}"
EndProject
Project("{9A19103F-16F7-4668-BE54-9A1E7A4F7556}") = "APDSys.Model", "APDSys.Model\APDSys.Model.csproj", "{3D38BE02-CE26-4F7A-BA6B-0F8038E8D918}"
EndProject
Project("{9A19103F-16F7-4668-BE54-9A1E7A4F7556}") = "ADPSys.DataAccess", "ADPSys.DataAccess\ADPSys.DataAccess.csproj", "{B3936EDA-1F42-4A37-9F62-AA9D65D1252C}"
EndProject
Project("{FAE04EC0-301F-11D3-BF4B-00C04F79EFBC}") = "APDSys.Utility", "APDSys.Utility\APDSys.Utility.csproj", "{8A542C80-E010-461D-B7E1-5F97E3B86A0C}"
EndProject
Project("{FAE04EC0-301F-11D3-BF4B-00C04F79EFBC}") = "APDSys.Service", "APDSys.Service\APDSys.Service.csproj", "{AEF2311A-65EB-48B4-B515-D9C5EE98992C}"
EndProject
Global
	GlobalSection(SolutionConfigurationPlatforms) = preSolution
		Debug|Any CPU = Debug|Any CPU
		Release|Any CPU = Release|Any CPU
	EndGlobalSection
	GlobalSection(ProjectConfigurationPlatforms) = postSolution
		{4D778DEE-93E0-423F-8430-92C01C7F0D94}.Debug|Any CPU.ActiveCfg = Debug|Any CPU
		{4D778DEE-93E0-423F-8430-92C01C7F0D94}.Debug|Any CPU.Build.0 = Debug|Any CPU
		{4D778DEE-93E0-423F-8430-92C01C7F0D94}.Release|Any CPU.ActiveCfg = Release|Any CPU
		{4D778DEE-93E0-423F-8430-92C01C7F0D94}.Release|Any CPU.Build.0 = Release|Any CPU
		{3D38BE02-CE26-4F7A-BA6B-0F8038E8D918}.Debug|Any CPU.ActiveCfg = Debug|Any CPU
		{3D38BE02-CE26-4F7A-BA6B-0F8038E8D918}.Debug|Any CPU.Build.0 = Debug|Any CPU
		{3D38BE02-CE26-4F7A-BA6B-0F8038E8D918}.Release|Any CPU.ActiveCfg = Release|Any CPU
		{3D38BE02-CE26-4F7A-BA6B-0F8038E8D918}.Release|Any CPU.Build.0 = Release|Any CPU
		{B3936EDA-1F42-4A37-9F62-AA9D65D1252C}.Debug|Any CPU.ActiveCfg = Debug|Any CPU
		{B3936EDA-1F42-4A37-9F62-AA9D65D1252C}.Debug|Any CPU.Build.0 = Debug|Any CPU
		{B3936EDA-1F42-4A37-9F62-AA9D65D1252C}.Release|Any CPU.ActiveCfg = Release|Any CPU
		{B3936EDA-1F42-4A37-9F62-AA9D65D1252C}.Release|Any CPU.Build.0 = Release|Any CPU
		{8A542C80-E010-461D-B7E1-5F97E3B86A0C}.Debug|Any CPU.ActiveCfg = Debug|Any CPU
		{8A542C80-E010-461D-B7E1-5F97E3B86A0C}.Debug|Any CPU.Build.0 = Debug|Any CPU
		{8A542C80-E010-461D-B7E1-5F97E3B86A0C}.Release|Any CPU.ActiveCfg = Release|Any CPU
		{8A542C80-E010-461D-B7E1-5F97E3B86A0C}.Release|Any CPU.Build.0 = Release|Any CPU
		{AEF2311A-65EB-48B4-B515-D9C5EE98992C}.Debug|Any CPU.ActiveCfg = Debug|Any CPU
		{AEF2311A-65EB-48B4-B515-D9C5EE98992C}.Debug|Any CPU.Build.0 = Debug|Any CPU
		{AEF2311A-65EB-48B4-B515-D9C5EE98992C}.Release|Any CPU.ActiveCfg = Release|Any CPU
		{AEF2311A-65EB-48B4-B515-D9C5EE98992C}.Release|Any CPU.Build.0 = Release|Any CPU
	EndGlobalSection
	GlobalSection(SolutionProperties) = preSolution
		HideSolutionNode = FALSE
	EndGlobalSection
	GlobalSection(ExtensibilityGlobals) = postSolution
		SolutionGuid = {14132691-5274-424E-B22A-3C02DCBD2860}
	EndGlobalSection
EndGlobal
